// !$*UTF8*$!
{
	archiveVersion = 1;
	classes = {
	};
	objectVersion = 46;
	objects = {

/* Begin PBXBuildFile section */
		140899A91E8549EF00E329F8 /* main.m in Sources */ = {isa = PBXBuildFile; fileRef = 140899A81E8549EF00E329F8 /* main.m */; };
		140899B41E8549EF00E329F8 /* Asset.xcassets in Resources */ = {isa = PBXBuildFile; fileRef = 140899B31E8549EF00E329F8 /* Asset.xcassets */; };
		140899B71E8549EF00E329F8 /* LaunchScreen.storyboard in Resources */ = {isa = PBXBuildFile; fileRef = 140899B51E8549EF00E329F8 /* LaunchScreen.storyboard */; };
		140899C21E8549EF00E329F8 /* AddressTests.m in Sources */ = {isa = PBXBuildFile; fileRef = 140899C11E8549EF00E329F8 /* AddressTests.m */; };
		140899CD1E8549EF00E329F8 /* AddressUITests.m in Sources */ = {isa = PBXBuildFile; fileRef = 140899CC1E8549EF00E329F8 /* AddressUITests.m */; };
		140899FA1E854A3100E329F8 /* AppDelegate.m in Sources */ = {isa = PBXBuildFile; fileRef = 140899DC1E854A3100E329F8 /* AppDelegate.m */; };
		140899FB1E854A3100E329F8 /* Util.m in Sources */ = {isa = PBXBuildFile; fileRef = 140899DF1E854A3100E329F8 /* Util.m */; };
		140899FC1E854A3100E329F8 /* UIImage+Common.m in Sources */ = {isa = PBXBuildFile; fileRef = 140899E21E854A3100E329F8 /* UIImage+Common.m */; };
		140899FD1E854A3100E329F8 /* UILabel+Common.m in Sources */ = {isa = PBXBuildFile; fileRef = 140899E41E854A3100E329F8 /* UILabel+Common.m */; };
		140899FE1E854A3100E329F8 /* UIView+Common.m in Sources */ = {isa = PBXBuildFile; fileRef = 140899E61E854A3100E329F8 /* UIView+Common.m */; };
		140899FF1E854A3100E329F8 /* ContactManager.m in Sources */ = {isa = PBXBuildFile; fileRef = 140899E91E854A3100E329F8 /* ContactManager.m */; };
		14089A011E854A3100E329F8 /* GUIManager.m in Sources */ = {isa = PBXBuildFile; fileRef = 140899ED1E854A3100E329F8 /* GUIManager.m */; };
		14089A021E854A3100E329F8 /* PreferenceManager.m in Sources */ = {isa = PBXBuildFile; fileRef = 140899EF1E854A3100E329F8 /* PreferenceManager.m */; };
		14089A071E854A3100E329F8 /* MainViewController.m in Sources */ = {isa = PBXBuildFile; fileRef = 140899F81E854A3100E329F8 /* MainViewController.m */; };
		14089A081E854A3100E329F8 /* MainViewController.xib in Resources */ = {isa = PBXBuildFile; fileRef = 140899F91E854A3100E329F8 /* MainViewController.xib */; };
		14089A131E854AB700E329F8 /* Contacts.framework in Frameworks */ = {isa = PBXBuildFile; fileRef = 14089A111E854AB700E329F8 /* Contacts.framework */; };
		14089A141E854AB700E329F8 /* ContactsUI.framework in Frameworks */ = {isa = PBXBuildFile; fileRef = 14089A121E854AB700E329F8 /* ContactsUI.framework */; };
		1409FB601E87625300CC957D /* JsonObject.m in Sources */ = {isa = PBXBuildFile; fileRef = 1409FB5F1E87625300CC957D /* JsonObject.m */; };
		1409FB641E877DC400CC957D /* LoginViewController.m in Sources */ = {isa = PBXBuildFile; fileRef = 1409FB621E877DC400CC957D /* LoginViewController.m */; };
		1409FB651E877DC400CC957D /* LoginViewController.xib in Resources */ = {isa = PBXBuildFile; fileRef = 1409FB631E877DC400CC957D /* LoginViewController.xib */; };
		140E224D1EA63490007B2F61 /* NoticeTableViewCell.m in Sources */ = {isa = PBXBuildFile; fileRef = 140E224B1EA63490007B2F61 /* NoticeTableViewCell.m */; };
		140E224E1EA63490007B2F61 /* NoticeTableViewCell.xib in Resources */ = {isa = PBXBuildFile; fileRef = 140E224C1EA63490007B2F61 /* NoticeTableViewCell.xib */; };
		140E22521EA634AE007B2F61 /* NoticeDetailViewController.m in Sources */ = {isa = PBXBuildFile; fileRef = 140E22501EA634AE007B2F61 /* NoticeDetailViewController.m */; };
		140E22531EA634AE007B2F61 /* NoticeDetailViewController.xib in Resources */ = {isa = PBXBuildFile; fileRef = 140E22511EA634AE007B2F61 /* NoticeDetailViewController.xib */; };
		1412F88C1EA0F11200BBB491 /* SyncPopupViewController.m in Sources */ = {isa = PBXBuildFile; fileRef = 1412F88A1EA0F11200BBB491 /* SyncPopupViewController.m */; };
		1412F88D1EA0F11200BBB491 /* SyncPopupViewController.xib in Resources */ = {isa = PBXBuildFile; fileRef = 1412F88B1EA0F11200BBB491 /* SyncPopupViewController.xib */; };
		1412F8951EA0F94500BBB491 /* SyncTableViewCell.m in Sources */ = {isa = PBXBuildFile; fileRef = 1412F8931EA0F94500BBB491 /* SyncTableViewCell.m */; };
		1412F8961EA0F94500BBB491 /* SyncTableViewCell.xib in Resources */ = {isa = PBXBuildFile; fileRef = 1412F8941EA0F94500BBB491 /* SyncTableViewCell.xib */; };
		14155CD21E9A1B1A008C0E99 /* MemoPopupViewController.m in Sources */ = {isa = PBXBuildFile; fileRef = 14155CD01E9A1B1A008C0E99 /* MemoPopupViewController.m */; };
		14155CD31E9A1B1A008C0E99 /* MemoPopupViewController.xib in Resources */ = {isa = PBXBuildFile; fileRef = 14155CD11E9A1B1A008C0E99 /* MemoPopupViewController.xib */; };
		141EF83D1E86992E003B78B1 /* ContactsTableViewCell.m in Sources */ = {isa = PBXBuildFile; fileRef = 141EF8371E86992E003B78B1 /* ContactsTableViewCell.m */; };
		141EF83E1E86992E003B78B1 /* ContactsTableViewCell.xib in Resources */ = {isa = PBXBuildFile; fileRef = 141EF8381E86992E003B78B1 /* ContactsTableViewCell.xib */; };
		141EF83F1E86992E003B78B1 /* ContactsViewController.m in Sources */ = {isa = PBXBuildFile; fileRef = 141EF83A1E86992E003B78B1 /* ContactsViewController.m */; };
		141EF8401E86992E003B78B1 /* ContactsViewController.xib in Resources */ = {isa = PBXBuildFile; fileRef = 141EF83B1E86992E003B78B1 /* ContactsViewController.xib */; };
		141EF8441E869947003B78B1 /* NoticeViewController.m in Sources */ = {isa = PBXBuildFile; fileRef = 141EF8421E869947003B78B1 /* NoticeViewController.m */; };
		141EF8451E869947003B78B1 /* NoticeViewController.xib in Resources */ = {isa = PBXBuildFile; fileRef = 141EF8431E869947003B78B1 /* NoticeViewController.xib */; };
		141EF84A1E869B4C003B78B1 /* PreachViewController.m in Sources */ = {isa = PBXBuildFile; fileRef = 141EF8481E869B4C003B78B1 /* PreachViewController.m */; };
		141EF84B1E869B4C003B78B1 /* PreachViewController.xib in Resources */ = {isa = PBXBuildFile; fileRef = 141EF8491E869B4C003B78B1 /* PreachViewController.xib */; };
		141EF8D51E869E8F003B78B1 /* GoogleMobileAds.framework in Frameworks */ = {isa = PBXBuildFile; fileRef = 141EF8A51E869E8E003B78B1 /* GoogleMobileAds.framework */; };
		141EF8D61E869E8F003B78B1 /* FirebaseAnalytics.framework in Frameworks */ = {isa = PBXBuildFile; fileRef = 141EF8A71E869E8E003B78B1 /* FirebaseAnalytics.framework */; };
		141EF8D71E869E8F003B78B1 /* FirebaseCore.framework in Frameworks */ = {isa = PBXBuildFile; fileRef = 141EF8A81E869E8E003B78B1 /* FirebaseCore.framework */; };
		141EF8D81E869E8F003B78B1 /* FirebaseInstanceID.framework in Frameworks */ = {isa = PBXBuildFile; fileRef = 141EF8A91E869E8E003B78B1 /* FirebaseInstanceID.framework */; };
		141EF8D91E869E8F003B78B1 /* GoogleInterchangeUtilities.framework in Frameworks */ = {isa = PBXBuildFile; fileRef = 141EF8AA1E869E8E003B78B1 /* GoogleInterchangeUtilities.framework */; };
		141EF8DA1E869E8F003B78B1 /* GoogleSymbolUtilities.framework in Frameworks */ = {isa = PBXBuildFile; fileRef = 141EF8AB1E869E8E003B78B1 /* GoogleSymbolUtilities.framework */; };
		141EF8DB1E869E8F003B78B1 /* GoogleToolboxForMac.framework in Frameworks */ = {isa = PBXBuildFile; fileRef = 141EF8AC1E869E8E003B78B1 /* GoogleToolboxForMac.framework */; };
		141EF8DC1E869E8F003B78B1 /* FirebaseAppIndexing.framework in Frameworks */ = {isa = PBXBuildFile; fileRef = 141EF8AE1E869E8E003B78B1 /* FirebaseAppIndexing.framework */; };
		141EF8DD1E869E8F003B78B1 /* FirebaseAuth.framework in Frameworks */ = {isa = PBXBuildFile; fileRef = 141EF8B01E869E8E003B78B1 /* FirebaseAuth.framework */; };
		141EF8DE1E869E8F003B78B1 /* GTMSessionFetcher.framework in Frameworks */ = {isa = PBXBuildFile; fileRef = 141EF8B11E869E8E003B78B1 /* GTMSessionFetcher.framework */; };
		141EF8DF1E869E8F003B78B1 /* FirebaseCrash.framework in Frameworks */ = {isa = PBXBuildFile; fileRef = 141EF8B31E869E8E003B78B1 /* FirebaseCrash.framework */; };
		141EF8E01E869E8F003B78B1 /* batch-upload in Resources */ = {isa = PBXBuildFile; fileRef = 141EF8B41E869E8E003B78B1 /* batch-upload */; };
		141EF8E11E869E8F003B78B1 /* dump_syms in Resources */ = {isa = PBXBuildFile; fileRef = 141EF8B51E869E8E003B78B1 /* dump_syms */; };
		141EF8E21E869E8F003B78B1 /* extract-keys in Resources */ = {isa = PBXBuildFile; fileRef = 141EF8B61E869E8E003B78B1 /* extract-keys */; };
		141EF8E31E869E8F003B78B1 /* upload-sym in Resources */ = {isa = PBXBuildFile; fileRef = 141EF8B71E869E8E003B78B1 /* upload-sym */; };
		141EF8E41E869E8F003B78B1 /* upload-sym-util.bash in Resources */ = {isa = PBXBuildFile; fileRef = 141EF8B81E869E8E003B78B1 /* upload-sym-util.bash */; };
		141EF8E51E869E8F003B78B1 /* upload-sym.sh in Resources */ = {isa = PBXBuildFile; fileRef = 141EF8B91E869E8E003B78B1 /* upload-sym.sh */; };
		141EF8E61E869E8F003B78B1 /* FirebaseDatabase.framework in Frameworks */ = {isa = PBXBuildFile; fileRef = 141EF8BB1E869E8E003B78B1 /* FirebaseDatabase.framework */; };
		141EF8E71E869E8F003B78B1 /* FirebaseDynamicLinks.framework in Frameworks */ = {isa = PBXBuildFile; fileRef = 141EF8BD1E869E8E003B78B1 /* FirebaseDynamicLinks.framework */; };
		141EF8E81E869E8F003B78B1 /* FirebaseDynamicLinks.framework in Frameworks */ = {isa = PBXBuildFile; fileRef = 141EF8C01E869E8F003B78B1 /* FirebaseDynamicLinks.framework */; };
		141EF8E91E869E8F003B78B1 /* FirebaseInvites.framework in Frameworks */ = {isa = PBXBuildFile; fileRef = 141EF8C11E869E8F003B78B1 /* FirebaseInvites.framework */; };
		141EF8EA1E869E8F003B78B1 /* GTMOAuth2.framework in Frameworks */ = {isa = PBXBuildFile; fileRef = 141EF8C21E869E8F003B78B1 /* GTMOAuth2.framework */; };
		141EF8EB1E869E8F003B78B1 /* GTMSessionFetcher.framework in Frameworks */ = {isa = PBXBuildFile; fileRef = 141EF8C31E869E8F003B78B1 /* GTMSessionFetcher.framework */; };
		141EF8EC1E869E8F003B78B1 /* GoogleAPIClientForREST.framework in Frameworks */ = {isa = PBXBuildFile; fileRef = 141EF8C41E869E8F003B78B1 /* GoogleAPIClientForREST.framework */; };
		141EF8ED1E869E8F003B78B1 /* GoogleAppUtilities.framework in Frameworks */ = {isa = PBXBuildFile; fileRef = 141EF8C51E869E8F003B78B1 /* GoogleAppUtilities.framework */; };
		141EF8EE1E869E8F003B78B1 /* GoogleSignIn.framework in Frameworks */ = {isa = PBXBuildFile; fileRef = 141EF8C61E869E8F003B78B1 /* GoogleSignIn.framework */; };
		141EF8EF1E869E8F003B78B1 /* GINInviteResources.bundle in Resources */ = {isa = PBXBuildFile; fileRef = 141EF8C81E869E8F003B78B1 /* GINInviteResources.bundle */; };
		141EF8F01E869E8F003B78B1 /* GPPACLPickerResources.bundle in Resources */ = {isa = PBXBuildFile; fileRef = 141EF8C91E869E8F003B78B1 /* GPPACLPickerResources.bundle */; };
		141EF8F11E869E8F003B78B1 /* GoogleSignIn.bundle in Resources */ = {isa = PBXBuildFile; fileRef = 141EF8CA1E869E8F003B78B1 /* GoogleSignIn.bundle */; };
		141EF8F21E869E8F003B78B1 /* FirebaseMessaging.framework in Frameworks */ = {isa = PBXBuildFile; fileRef = 141EF8CC1E869E8F003B78B1 /* FirebaseMessaging.framework */; };
		141EF8F31E869E8F003B78B1 /* NOTICES in Resources */ = {isa = PBXBuildFile; fileRef = 141EF8CD1E869E8F003B78B1 /* NOTICES */; };
		141EF8F41E869E8F003B78B1 /* README.md in Sources */ = {isa = PBXBuildFile; fileRef = 141EF8CE1E869E8F003B78B1 /* README.md */; };
		141EF8F51E869E8F003B78B1 /* FirebaseRemoteConfig.framework in Frameworks */ = {isa = PBXBuildFile; fileRef = 141EF8D01E869E8F003B78B1 /* FirebaseRemoteConfig.framework */; };
		141EF8F61E869E8F003B78B1 /* FirebaseStorage.framework in Frameworks */ = {isa = PBXBuildFile; fileRef = 141EF8D21E869E8F003B78B1 /* FirebaseStorage.framework */; };
		141EF8F71E869E8F003B78B1 /* GTMSessionFetcher.framework in Frameworks */ = {isa = PBXBuildFile; fileRef = 141EF8D31E869E8F003B78B1 /* GTMSessionFetcher.framework */; };
		141EF9011E869FDE003B78B1 /* FCMManager.m in Sources */ = {isa = PBXBuildFile; fileRef = 141EF9001E869FDE003B78B1 /* FCMManager.m */; };
		141EF9041E86A1B6003B78B1 /* StorageManager.m in Sources */ = {isa = PBXBuildFile; fileRef = 141EF9031E86A1B6003B78B1 /* StorageManager.m */; };
		141EF9081E86A44E003B78B1 /* GoogleService-Info.plist in Resources */ = {isa = PBXBuildFile; fileRef = 141EF9071E86A44E003B78B1 /* GoogleService-Info.plist */; };
		142365F11E9A4C7700567E23 /* MemoTableViewCell.m in Sources */ = {isa = PBXBuildFile; fileRef = 142365EF1E9A4C7700567E23 /* MemoTableViewCell.m */; };
		142365F21E9A4C7700567E23 /* MemoTableViewCell.xib in Resources */ = {isa = PBXBuildFile; fileRef = 142365F01E9A4C7700567E23 /* MemoTableViewCell.xib */; };
		143EBBB31E862CC000E3AA69 /* AddressObj.m in Sources */ = {isa = PBXBuildFile; fileRef = 143EBBB21E862CC000E3AA69 /* AddressObj.m */; };
		143EBBBA1E863FAB00E3AA69 /* AutoCompleteMng.m in Sources */ = {isa = PBXBuildFile; fileRef = 143EBBB81E863FAB00E3AA69 /* AutoCompleteMng.m */; };
		1461810C1EA509D8005EDC88 /* MessageUI.framework in Frameworks */ = {isa = PBXBuildFile; fileRef = 1461810B1EA509D8005EDC88 /* MessageUI.framework */; };
		14D887371E97CAE60046636E /* SettingViewController.m in Sources */ = {isa = PBXBuildFile; fileRef = 14D887361E97CAE60046636E /* SettingViewController.m */; };
		14D94CFE1E98AF4100C9E298 /* ContactsDetailViewController.m in Sources */ = {isa = PBXBuildFile; fileRef = 14D94CFC1E98AF4100C9E298 /* ContactsDetailViewController.m */; };
		14D94CFF1E98AF4100C9E298 /* ContactsDetailViewController.xib in Resources */ = {isa = PBXBuildFile; fileRef = 14D94CFD1E98AF4100C9E298 /* ContactsDetailViewController.xib */; };
		14FD590A1E86114700233DDF /* BaseViewController.m in Sources */ = {isa = PBXBuildFile; fileRef = 14FD59091E86114700233DDF /* BaseViewController.m */; };
		14FD590D1E8614E200233DDF /* NSStrUtils.m in Sources */ = {isa = PBXBuildFile; fileRef = 14FD590C1E8614E200233DDF /* NSStrUtils.m */; };
/* End PBXBuildFile section */

/* Begin PBXContainerItemProxy section */
		140899BE1E8549EF00E329F8 /* PBXContainerItemProxy */ = {
			isa = PBXContainerItemProxy;
			containerPortal = 1408999C1E8549EF00E329F8 /* Project object */;
			proxyType = 1;
			remoteGlobalIDString = 140899A31E8549EF00E329F8;
			remoteInfo = Address;
		};
		140899C91E8549EF00E329F8 /* PBXContainerItemProxy */ = {
			isa = PBXContainerItemProxy;
			containerPortal = 1408999C1E8549EF00E329F8 /* Project object */;
			proxyType = 1;
			remoteGlobalIDString = 140899A31E8549EF00E329F8;
			remoteInfo = Address;
		};
/* End PBXContainerItemProxy section */

/* Begin PBXFileReference section */
		140899A41E8549EF00E329F8 /* Address.app */ = {isa = PBXFileReference; explicitFileType = wrapper.application; includeInIndex = 0; path = Address.app; sourceTree = BUILT_PRODUCTS_DIR; };
		140899A81E8549EF00E329F8 /* main.m */ = {isa = PBXFileReference; lastKnownFileType = sourcecode.c.objc; path = main.m; sourceTree = "<group>"; };
		140899B31E8549EF00E329F8 /* Asset.xcassets */ = {isa = PBXFileReference; lastKnownFileType = folder.assetcatalog; path = Asset.xcassets; sourceTree = "<group>"; };
		140899B61E8549EF00E329F8 /* Base */ = {isa = PBXFileReference; lastKnownFileType = file.storyboard; name = Base; path = Base.lproj/LaunchScreen.storyboard; sourceTree = "<group>"; };
		140899B81E8549EF00E329F8 /* Info.plist */ = {isa = PBXFileReference; lastKnownFileType = text.plist.xml; path = Info.plist; sourceTree = "<group>"; };
		140899BD1E8549EF00E329F8 /* AddressTests.xctest */ = {isa = PBXFileReference; explicitFileType = wrapper.cfbundle; includeInIndex = 0; path = AddressTests.xctest; sourceTree = BUILT_PRODUCTS_DIR; };
		140899C11E8549EF00E329F8 /* AddressTests.m */ = {isa = PBXFileReference; lastKnownFileType = sourcecode.c.objc; path = AddressTests.m; sourceTree = "<group>"; };
		140899C31E8549EF00E329F8 /* Info.plist */ = {isa = PBXFileReference; lastKnownFileType = text.plist.xml; path = Info.plist; sourceTree = "<group>"; };
		140899C81E8549EF00E329F8 /* AddressUITests.xctest */ = {isa = PBXFileReference; explicitFileType = wrapper.cfbundle; includeInIndex = 0; path = AddressUITests.xctest; sourceTree = BUILT_PRODUCTS_DIR; };
		140899CC1E8549EF00E329F8 /* AddressUITests.m */ = {isa = PBXFileReference; lastKnownFileType = sourcecode.c.objc; path = AddressUITests.m; sourceTree = "<group>"; };
		140899CE1E8549EF00E329F8 /* Info.plist */ = {isa = PBXFileReference; lastKnownFileType = text.plist.xml; path = Info.plist; sourceTree = "<group>"; };
		140899DB1E854A3100E329F8 /* AppDelegate.h */ = {isa = PBXFileReference; fileEncoding = 4; lastKnownFileType = sourcecode.c.h; path = AppDelegate.h; sourceTree = "<group>"; };
		140899DC1E854A3100E329F8 /* AppDelegate.m */ = {isa = PBXFileReference; fileEncoding = 4; lastKnownFileType = sourcecode.c.objc; path = AppDelegate.m; sourceTree = "<group>"; };
		140899DE1E854A3100E329F8 /* Util.h */ = {isa = PBXFileReference; fileEncoding = 4; lastKnownFileType = sourcecode.c.h; path = Util.h; sourceTree = "<group>"; };
		140899DF1E854A3100E329F8 /* Util.m */ = {isa = PBXFileReference; fileEncoding = 4; lastKnownFileType = sourcecode.c.objc; path = Util.m; sourceTree = "<group>"; };
		140899E11E854A3100E329F8 /* UIImage+Common.h */ = {isa = PBXFileReference; fileEncoding = 4; lastKnownFileType = sourcecode.c.h; path = "UIImage+Common.h"; sourceTree = "<group>"; };
		140899E21E854A3100E329F8 /* UIImage+Common.m */ = {isa = PBXFileReference; fileEncoding = 4; lastKnownFileType = sourcecode.c.objc; path = "UIImage+Common.m"; sourceTree = "<group>"; };
		140899E31E854A3100E329F8 /* UILabel+Common.h */ = {isa = PBXFileReference; fileEncoding = 4; lastKnownFileType = sourcecode.c.h; path = "UILabel+Common.h"; sourceTree = "<group>"; };
		140899E41E854A3100E329F8 /* UILabel+Common.m */ = {isa = PBXFileReference; fileEncoding = 4; lastKnownFileType = sourcecode.c.objc; path = "UILabel+Common.m"; sourceTree = "<group>"; };
		140899E51E854A3100E329F8 /* UIView+Common.h */ = {isa = PBXFileReference; fileEncoding = 4; lastKnownFileType = sourcecode.c.h; path = "UIView+Common.h"; sourceTree = "<group>"; };
		140899E61E854A3100E329F8 /* UIView+Common.m */ = {isa = PBXFileReference; fileEncoding = 4; lastKnownFileType = sourcecode.c.objc; path = "UIView+Common.m"; sourceTree = "<group>"; };
		140899E81E854A3100E329F8 /* ContactManager.h */ = {isa = PBXFileReference; fileEncoding = 4; lastKnownFileType = sourcecode.c.h; path = ContactManager.h; sourceTree = "<group>"; };
		140899E91E854A3100E329F8 /* ContactManager.m */ = {isa = PBXFileReference; fileEncoding = 4; lastKnownFileType = sourcecode.c.objc; path = ContactManager.m; sourceTree = "<group>"; };
		140899EC1E854A3100E329F8 /* GUIManager.h */ = {isa = PBXFileReference; fileEncoding = 4; lastKnownFileType = sourcecode.c.h; path = GUIManager.h; sourceTree = "<group>"; };
		140899ED1E854A3100E329F8 /* GUIManager.m */ = {isa = PBXFileReference; fileEncoding = 4; lastKnownFileType = sourcecode.c.objc; path = GUIManager.m; sourceTree = "<group>"; };
		140899EE1E854A3100E329F8 /* PreferenceManager.h */ = {isa = PBXFileReference; fileEncoding = 4; lastKnownFileType = sourcecode.c.h; path = PreferenceManager.h; sourceTree = "<group>"; };
		140899EF1E854A3100E329F8 /* PreferenceManager.m */ = {isa = PBXFileReference; fileEncoding = 4; lastKnownFileType = sourcecode.c.objc; path = PreferenceManager.m; sourceTree = "<group>"; };
		140899F71E854A3100E329F8 /* MainViewController.h */ = {isa = PBXFileReference; fileEncoding = 4; lastKnownFileType = sourcecode.c.h; path = MainViewController.h; sourceTree = "<group>"; };
		140899F81E854A3100E329F8 /* MainViewController.m */ = {isa = PBXFileReference; fileEncoding = 4; lastKnownFileType = sourcecode.c.objc; path = MainViewController.m; sourceTree = "<group>"; };
		140899F91E854A3100E329F8 /* MainViewController.xib */ = {isa = PBXFileReference; fileEncoding = 4; lastKnownFileType = file.xib; path = MainViewController.xib; sourceTree = "<group>"; };
		14089A091E854A3800E329F8 /* Address-Prefix.pch */ = {isa = PBXFileReference; fileEncoding = 4; lastKnownFileType = sourcecode.c.h; path = "Address-Prefix.pch"; sourceTree = "<group>"; };
		14089A111E854AB700E329F8 /* Contacts.framework */ = {isa = PBXFileReference; lastKnownFileType = wrapper.framework; name = Contacts.framework; path = System/Library/Frameworks/Contacts.framework; sourceTree = SDKROOT; };
		14089A121E854AB700E329F8 /* ContactsUI.framework */ = {isa = PBXFileReference; lastKnownFileType = wrapper.framework; name = ContactsUI.framework; path = System/Library/Frameworks/ContactsUI.framework; sourceTree = SDKROOT; };
		1409FB5D1E87625300CC957D /* Constants.h */ = {isa = PBXFileReference; fileEncoding = 4; lastKnownFileType = sourcecode.c.h; path = Constants.h; sourceTree = "<group>"; };
		1409FB5E1E87625300CC957D /* JsonObject.h */ = {isa = PBXFileReference; fileEncoding = 4; lastKnownFileType = sourcecode.c.h; path = JsonObject.h; sourceTree = "<group>"; };
		1409FB5F1E87625300CC957D /* JsonObject.m */ = {isa = PBXFileReference; fileEncoding = 4; lastKnownFileType = sourcecode.c.objc; path = JsonObject.m; sourceTree = "<group>"; };
		1409FB611E877DC400CC957D /* LoginViewController.h */ = {isa = PBXFileReference; fileEncoding = 4; lastKnownFileType = sourcecode.c.h; path = LoginViewController.h; sourceTree = "<group>"; };
		1409FB621E877DC400CC957D /* LoginViewController.m */ = {isa = PBXFileReference; fileEncoding = 4; lastKnownFileType = sourcecode.c.objc; path = LoginViewController.m; sourceTree = "<group>"; };
		1409FB631E877DC400CC957D /* LoginViewController.xib */ = {isa = PBXFileReference; fileEncoding = 4; lastKnownFileType = file.xib; path = LoginViewController.xib; sourceTree = "<group>"; };
		140E224A1EA63490007B2F61 /* NoticeTableViewCell.h */ = {isa = PBXFileReference; fileEncoding = 4; lastKnownFileType = sourcecode.c.h; path = NoticeTableViewCell.h; sourceTree = "<group>"; };
		140E224B1EA63490007B2F61 /* NoticeTableViewCell.m */ = {isa = PBXFileReference; fileEncoding = 4; lastKnownFileType = sourcecode.c.objc; path = NoticeTableViewCell.m; sourceTree = "<group>"; };
		140E224C1EA63490007B2F61 /* NoticeTableViewCell.xib */ = {isa = PBXFileReference; fileEncoding = 4; lastKnownFileType = file.xib; path = NoticeTableViewCell.xib; sourceTree = "<group>"; };
		140E224F1EA634AE007B2F61 /* NoticeDetailViewController.h */ = {isa = PBXFileReference; fileEncoding = 4; lastKnownFileType = sourcecode.c.h; path = NoticeDetailViewController.h; sourceTree = "<group>"; };
		140E22501EA634AE007B2F61 /* NoticeDetailViewController.m */ = {isa = PBXFileReference; fileEncoding = 4; lastKnownFileType = sourcecode.c.objc; path = NoticeDetailViewController.m; sourceTree = "<group>"; };
		140E22511EA634AE007B2F61 /* NoticeDetailViewController.xib */ = {isa = PBXFileReference; fileEncoding = 4; lastKnownFileType = file.xib; path = NoticeDetailViewController.xib; sourceTree = "<group>"; };
		1412F8891EA0F11200BBB491 /* SyncPopupViewController.h */ = {isa = PBXFileReference; fileEncoding = 4; lastKnownFileType = sourcecode.c.h; path = SyncPopupViewController.h; sourceTree = "<group>"; };
		1412F88A1EA0F11200BBB491 /* SyncPopupViewController.m */ = {isa = PBXFileReference; fileEncoding = 4; lastKnownFileType = sourcecode.c.objc; path = SyncPopupViewController.m; sourceTree = "<group>"; };
		1412F88B1EA0F11200BBB491 /* SyncPopupViewController.xib */ = {isa = PBXFileReference; fileEncoding = 4; lastKnownFileType = file.xib; path = SyncPopupViewController.xib; sourceTree = "<group>"; };
		1412F8921EA0F94500BBB491 /* SyncTableViewCell.h */ = {isa = PBXFileReference; fileEncoding = 4; lastKnownFileType = sourcecode.c.h; path = SyncTableViewCell.h; sourceTree = "<group>"; };
		1412F8931EA0F94500BBB491 /* SyncTableViewCell.m */ = {isa = PBXFileReference; fileEncoding = 4; lastKnownFileType = sourcecode.c.objc; path = SyncTableViewCell.m; sourceTree = "<group>"; };
		1412F8941EA0F94500BBB491 /* SyncTableViewCell.xib */ = {isa = PBXFileReference; fileEncoding = 4; lastKnownFileType = file.xib; path = SyncTableViewCell.xib; sourceTree = "<group>"; };
		14155CCF1E9A1B1A008C0E99 /* MemoPopupViewController.h */ = {isa = PBXFileReference; fileEncoding = 4; lastKnownFileType = sourcecode.c.h; path = MemoPopupViewController.h; sourceTree = "<group>"; };
		14155CD01E9A1B1A008C0E99 /* MemoPopupViewController.m */ = {isa = PBXFileReference; fileEncoding = 4; lastKnownFileType = sourcecode.c.objc; path = MemoPopupViewController.m; sourceTree = "<group>"; };
		14155CD11E9A1B1A008C0E99 /* MemoPopupViewController.xib */ = {isa = PBXFileReference; fileEncoding = 4; lastKnownFileType = file.xib; path = MemoPopupViewController.xib; sourceTree = "<group>"; };
		141EF8361E86992E003B78B1 /* ContactsTableViewCell.h */ = {isa = PBXFileReference; fileEncoding = 4; lastKnownFileType = sourcecode.c.h; path = ContactsTableViewCell.h; sourceTree = "<group>"; };
		141EF8371E86992E003B78B1 /* ContactsTableViewCell.m */ = {isa = PBXFileReference; fileEncoding = 4; lastKnownFileType = sourcecode.c.objc; path = ContactsTableViewCell.m; sourceTree = "<group>"; };
		141EF8381E86992E003B78B1 /* ContactsTableViewCell.xib */ = {isa = PBXFileReference; fileEncoding = 4; lastKnownFileType = file.xib; path = ContactsTableViewCell.xib; sourceTree = "<group>"; };
		141EF8391E86992E003B78B1 /* ContactsViewController.h */ = {isa = PBXFileReference; fileEncoding = 4; lastKnownFileType = sourcecode.c.h; path = ContactsViewController.h; sourceTree = "<group>"; };
		141EF83A1E86992E003B78B1 /* ContactsViewController.m */ = {isa = PBXFileReference; fileEncoding = 4; lastKnownFileType = sourcecode.c.objc; path = ContactsViewController.m; sourceTree = "<group>"; };
		141EF83B1E86992E003B78B1 /* ContactsViewController.xib */ = {isa = PBXFileReference; fileEncoding = 4; lastKnownFileType = file.xib; path = ContactsViewController.xib; sourceTree = "<group>"; };
		141EF8411E869947003B78B1 /* NoticeViewController.h */ = {isa = PBXFileReference; fileEncoding = 4; lastKnownFileType = sourcecode.c.h; path = NoticeViewController.h; sourceTree = "<group>"; };
		141EF8421E869947003B78B1 /* NoticeViewController.m */ = {isa = PBXFileReference; fileEncoding = 4; lastKnownFileType = sourcecode.c.objc; path = NoticeViewController.m; sourceTree = "<group>"; };
		141EF8431E869947003B78B1 /* NoticeViewController.xib */ = {isa = PBXFileReference; fileEncoding = 4; lastKnownFileType = file.xib; path = NoticeViewController.xib; sourceTree = "<group>"; };
		141EF8471E869B4C003B78B1 /* PreachViewController.h */ = {isa = PBXFileReference; fileEncoding = 4; lastKnownFileType = sourcecode.c.h; path = PreachViewController.h; sourceTree = "<group>"; };
		141EF8481E869B4C003B78B1 /* PreachViewController.m */ = {isa = PBXFileReference; fileEncoding = 4; lastKnownFileType = sourcecode.c.objc; path = PreachViewController.m; sourceTree = "<group>"; };
		141EF8491E869B4C003B78B1 /* PreachViewController.xib */ = {isa = PBXFileReference; fileEncoding = 4; lastKnownFileType = file.xib; path = PreachViewController.xib; sourceTree = "<group>"; };
		141EF8A51E869E8E003B78B1 /* GoogleMobileAds.framework */ = {isa = PBXFileReference; lastKnownFileType = wrapper.framework; path = GoogleMobileAds.framework; sourceTree = "<group>"; };
		141EF8A71E869E8E003B78B1 /* FirebaseAnalytics.framework */ = {isa = PBXFileReference; lastKnownFileType = wrapper.framework; path = FirebaseAnalytics.framework; sourceTree = "<group>"; };
		141EF8A81E869E8E003B78B1 /* FirebaseCore.framework */ = {isa = PBXFileReference; lastKnownFileType = wrapper.framework; path = FirebaseCore.framework; sourceTree = "<group>"; };
		141EF8A91E869E8E003B78B1 /* FirebaseInstanceID.framework */ = {isa = PBXFileReference; lastKnownFileType = wrapper.framework; path = FirebaseInstanceID.framework; sourceTree = "<group>"; };
		141EF8AA1E869E8E003B78B1 /* GoogleInterchangeUtilities.framework */ = {isa = PBXFileReference; lastKnownFileType = wrapper.framework; path = GoogleInterchangeUtilities.framework; sourceTree = "<group>"; };
		141EF8AB1E869E8E003B78B1 /* GoogleSymbolUtilities.framework */ = {isa = PBXFileReference; lastKnownFileType = wrapper.framework; path = GoogleSymbolUtilities.framework; sourceTree = "<group>"; };
		141EF8AC1E869E8E003B78B1 /* GoogleToolboxForMac.framework */ = {isa = PBXFileReference; lastKnownFileType = wrapper.framework; path = GoogleToolboxForMac.framework; sourceTree = "<group>"; };
		141EF8AE1E869E8E003B78B1 /* FirebaseAppIndexing.framework */ = {isa = PBXFileReference; lastKnownFileType = wrapper.framework; path = FirebaseAppIndexing.framework; sourceTree = "<group>"; };
		141EF8B01E869E8E003B78B1 /* FirebaseAuth.framework */ = {isa = PBXFileReference; lastKnownFileType = wrapper.framework; path = FirebaseAuth.framework; sourceTree = "<group>"; };
		141EF8B11E869E8E003B78B1 /* GTMSessionFetcher.framework */ = {isa = PBXFileReference; lastKnownFileType = wrapper.framework; path = GTMSessionFetcher.framework; sourceTree = "<group>"; };
		141EF8B31E869E8E003B78B1 /* FirebaseCrash.framework */ = {isa = PBXFileReference; lastKnownFileType = wrapper.framework; path = FirebaseCrash.framework; sourceTree = "<group>"; };
		141EF8B41E869E8E003B78B1 /* batch-upload */ = {isa = PBXFileReference; fileEncoding = 4; lastKnownFileType = text.script.sh; path = "batch-upload"; sourceTree = "<group>"; };
		141EF8B51E869E8E003B78B1 /* dump_syms */ = {isa = PBXFileReference; lastKnownFileType = "compiled.mach-o.executable"; path = dump_syms; sourceTree = "<group>"; };
		141EF8B61E869E8E003B78B1 /* extract-keys */ = {isa = PBXFileReference; fileEncoding = 4; lastKnownFileType = text.script.sh; path = "extract-keys"; sourceTree = "<group>"; };
		141EF8B71E869E8E003B78B1 /* upload-sym */ = {isa = PBXFileReference; fileEncoding = 4; lastKnownFileType = text.script.sh; path = "upload-sym"; sourceTree = "<group>"; };
		141EF8B81E869E8E003B78B1 /* upload-sym-util.bash */ = {isa = PBXFileReference; fileEncoding = 4; lastKnownFileType = text; path = "upload-sym-util.bash"; sourceTree = "<group>"; };
		141EF8B91E869E8E003B78B1 /* upload-sym.sh */ = {isa = PBXFileReference; fileEncoding = 4; lastKnownFileType = text.script.sh; path = "upload-sym.sh"; sourceTree = "<group>"; };
		141EF8BB1E869E8E003B78B1 /* FirebaseDatabase.framework */ = {isa = PBXFileReference; lastKnownFileType = wrapper.framework; path = FirebaseDatabase.framework; sourceTree = "<group>"; };
		141EF8BD1E869E8E003B78B1 /* FirebaseDynamicLinks.framework */ = {isa = PBXFileReference; lastKnownFileType = wrapper.framework; path = FirebaseDynamicLinks.framework; sourceTree = "<group>"; };
		141EF8BE1E869E8F003B78B1 /* Firebase.h */ = {isa = PBXFileReference; fileEncoding = 4; lastKnownFileType = sourcecode.c.h; path = Firebase.h; sourceTree = "<group>"; };
		141EF8C01E869E8F003B78B1 /* FirebaseDynamicLinks.framework */ = {isa = PBXFileReference; lastKnownFileType = wrapper.framework; path = FirebaseDynamicLinks.framework; sourceTree = "<group>"; };
		141EF8C11E869E8F003B78B1 /* FirebaseInvites.framework */ = {isa = PBXFileReference; lastKnownFileType = wrapper.framework; path = FirebaseInvites.framework; sourceTree = "<group>"; };
		141EF8C21E869E8F003B78B1 /* GTMOAuth2.framework */ = {isa = PBXFileReference; lastKnownFileType = wrapper.framework; path = GTMOAuth2.framework; sourceTree = "<group>"; };
		141EF8C31E869E8F003B78B1 /* GTMSessionFetcher.framework */ = {isa = PBXFileReference; lastKnownFileType = wrapper.framework; path = GTMSessionFetcher.framework; sourceTree = "<group>"; };
		141EF8C41E869E8F003B78B1 /* GoogleAPIClientForREST.framework */ = {isa = PBXFileReference; lastKnownFileType = wrapper.framework; path = GoogleAPIClientForREST.framework; sourceTree = "<group>"; };
		141EF8C51E869E8F003B78B1 /* GoogleAppUtilities.framework */ = {isa = PBXFileReference; lastKnownFileType = wrapper.framework; path = GoogleAppUtilities.framework; sourceTree = "<group>"; };
		141EF8C61E869E8F003B78B1 /* GoogleSignIn.framework */ = {isa = PBXFileReference; lastKnownFileType = wrapper.framework; path = GoogleSignIn.framework; sourceTree = "<group>"; };
		141EF8C81E869E8F003B78B1 /* GINInviteResources.bundle */ = {isa = PBXFileReference; lastKnownFileType = "wrapper.plug-in"; path = GINInviteResources.bundle; sourceTree = "<group>"; };
		141EF8C91E869E8F003B78B1 /* GPPACLPickerResources.bundle */ = {isa = PBXFileReference; lastKnownFileType = "wrapper.plug-in"; path = GPPACLPickerResources.bundle; sourceTree = "<group>"; };
		141EF8CA1E869E8F003B78B1 /* GoogleSignIn.bundle */ = {isa = PBXFileReference; lastKnownFileType = "wrapper.plug-in"; path = GoogleSignIn.bundle; sourceTree = "<group>"; };
		141EF8CC1E869E8F003B78B1 /* FirebaseMessaging.framework */ = {isa = PBXFileReference; lastKnownFileType = wrapper.framework; path = FirebaseMessaging.framework; sourceTree = "<group>"; };
		141EF8CD1E869E8F003B78B1 /* NOTICES */ = {isa = PBXFileReference; fileEncoding = 4; lastKnownFileType = text; path = NOTICES; sourceTree = "<group>"; };
		141EF8CE1E869E8F003B78B1 /* README.md */ = {isa = PBXFileReference; fileEncoding = 4; lastKnownFileType = net.daringfireball.markdown; path = README.md; sourceTree = "<group>"; };
		141EF8D01E869E8F003B78B1 /* FirebaseRemoteConfig.framework */ = {isa = PBXFileReference; lastKnownFileType = wrapper.framework; path = FirebaseRemoteConfig.framework; sourceTree = "<group>"; };
		141EF8D21E869E8F003B78B1 /* FirebaseStorage.framework */ = {isa = PBXFileReference; lastKnownFileType = wrapper.framework; path = FirebaseStorage.framework; sourceTree = "<group>"; };
		141EF8D31E869E8F003B78B1 /* GTMSessionFetcher.framework */ = {isa = PBXFileReference; lastKnownFileType = wrapper.framework; path = GTMSessionFetcher.framework; sourceTree = "<group>"; };
		141EF8D41E869E8F003B78B1 /* module.modulemap */ = {isa = PBXFileReference; fileEncoding = 4; lastKnownFileType = "sourcecode.module-map"; path = module.modulemap; sourceTree = "<group>"; };
		141EF8FF1E869FDE003B78B1 /* FCMManager.h */ = {isa = PBXFileReference; fileEncoding = 4; lastKnownFileType = sourcecode.c.h; path = FCMManager.h; sourceTree = "<group>"; };
		141EF9001E869FDE003B78B1 /* FCMManager.m */ = {isa = PBXFileReference; fileEncoding = 4; lastKnownFileType = sourcecode.c.objc; path = FCMManager.m; sourceTree = "<group>"; };
		141EF9021E86A1B6003B78B1 /* StorageManager.h */ = {isa = PBXFileReference; fileEncoding = 4; lastKnownFileType = sourcecode.c.h; path = StorageManager.h; sourceTree = "<group>"; };
		141EF9031E86A1B6003B78B1 /* StorageManager.m */ = {isa = PBXFileReference; fileEncoding = 4; lastKnownFileType = sourcecode.c.objc; path = StorageManager.m; sourceTree = "<group>"; };
		141EF9071E86A44E003B78B1 /* GoogleService-Info.plist */ = {isa = PBXFileReference; fileEncoding = 4; lastKnownFileType = text.plist.xml; path = "GoogleService-Info.plist"; sourceTree = "<group>"; };
		142365EE1E9A4C7700567E23 /* MemoTableViewCell.h */ = {isa = PBXFileReference; fileEncoding = 4; lastKnownFileType = sourcecode.c.h; path = MemoTableViewCell.h; sourceTree = "<group>"; };
		142365EF1E9A4C7700567E23 /* MemoTableViewCell.m */ = {isa = PBXFileReference; fileEncoding = 4; lastKnownFileType = sourcecode.c.objc; path = MemoTableViewCell.m; sourceTree = "<group>"; };
		142365F01E9A4C7700567E23 /* MemoTableViewCell.xib */ = {isa = PBXFileReference; fileEncoding = 4; lastKnownFileType = file.xib; path = MemoTableViewCell.xib; sourceTree = "<group>"; };
		143EBBB11E862CC000E3AA69 /* AddressObj.h */ = {isa = PBXFileReference; fileEncoding = 4; lastKnownFileType = sourcecode.c.h; path = AddressObj.h; sourceTree = "<group>"; };
		143EBBB21E862CC000E3AA69 /* AddressObj.m */ = {isa = PBXFileReference; fileEncoding = 4; lastKnownFileType = sourcecode.c.objc; path = AddressObj.m; sourceTree = "<group>"; };
		143EBBB71E863FAB00E3AA69 /* AutoCompleteMng.h */ = {isa = PBXFileReference; fileEncoding = 4; lastKnownFileType = sourcecode.c.h; path = AutoCompleteMng.h; sourceTree = "<group>"; };
		143EBBB81E863FAB00E3AA69 /* AutoCompleteMng.m */ = {isa = PBXFileReference; fileEncoding = 4; lastKnownFileType = sourcecode.c.objc; path = AutoCompleteMng.m; sourceTree = "<group>"; };
		1461810B1EA509D8005EDC88 /* MessageUI.framework */ = {isa = PBXFileReference; lastKnownFileType = wrapper.framework; name = MessageUI.framework; path = System/Library/Frameworks/MessageUI.framework; sourceTree = SDKROOT; };
		14D887351E97CAE60046636E /* SettingViewController.h */ = {isa = PBXFileReference; fileEncoding = 4; lastKnownFileType = sourcecode.c.h; path = SettingViewController.h; sourceTree = "<group>"; };
		14D887361E97CAE60046636E /* SettingViewController.m */ = {isa = PBXFileReference; fileEncoding = 4; lastKnownFileType = sourcecode.c.objc; path = SettingViewController.m; sourceTree = "<group>"; };
		14D94CFB1E98AF4100C9E298 /* ContactsDetailViewController.h */ = {isa = PBXFileReference; fileEncoding = 4; lastKnownFileType = sourcecode.c.h; path = ContactsDetailViewController.h; sourceTree = "<group>"; };
		14D94CFC1E98AF4100C9E298 /* ContactsDetailViewController.m */ = {isa = PBXFileReference; fileEncoding = 4; lastKnownFileType = sourcecode.c.objc; path = ContactsDetailViewController.m; sourceTree = "<group>"; };
		14D94CFD1E98AF4100C9E298 /* ContactsDetailViewController.xib */ = {isa = PBXFileReference; fileEncoding = 4; lastKnownFileType = file.xib; path = ContactsDetailViewController.xib; sourceTree = "<group>"; };
		14FD59081E86114700233DDF /* BaseViewController.h */ = {isa = PBXFileReference; fileEncoding = 4; lastKnownFileType = sourcecode.c.h; path = BaseViewController.h; sourceTree = "<group>"; };
		14FD59091E86114700233DDF /* BaseViewController.m */ = {isa = PBXFileReference; fileEncoding = 4; lastKnownFileType = sourcecode.c.objc; path = BaseViewController.m; sourceTree = "<group>"; };
		14FD590B1E8614E200233DDF /* NSStrUtils.h */ = {isa = PBXFileReference; fileEncoding = 4; lastKnownFileType = sourcecode.c.h; path = NSStrUtils.h; sourceTree = "<group>"; };
		14FD590C1E8614E200233DDF /* NSStrUtils.m */ = {isa = PBXFileReference; fileEncoding = 4; lastKnownFileType = sourcecode.c.objc; path = NSStrUtils.m; sourceTree = "<group>"; };
/* End PBXFileReference section */

/* Begin PBXFrameworksBuildPhase section */
		140899A11E8549EF00E329F8 /* Frameworks */ = {
			isa = PBXFrameworksBuildPhase;
			buildActionMask = 2147483647;
			files = (
				1461810C1EA509D8005EDC88 /* MessageUI.framework in Frameworks */,
				141EF8E61E869E8F003B78B1 /* FirebaseDatabase.framework in Frameworks */,
				141EF8E81E869E8F003B78B1 /* FirebaseDynamicLinks.framework in Frameworks */,
				141EF8EA1E869E8F003B78B1 /* GTMOAuth2.framework in Frameworks */,
				141EF8E71E869E8F003B78B1 /* FirebaseDynamicLinks.framework in Frameworks */,
				141EF8DB1E869E8F003B78B1 /* GoogleToolboxForMac.framework in Frameworks */,
				141EF8D91E869E8F003B78B1 /* GoogleInterchangeUtilities.framework in Frameworks */,
				141EF8D61E869E8F003B78B1 /* FirebaseAnalytics.framework in Frameworks */,
				141EF8DA1E869E8F003B78B1 /* GoogleSymbolUtilities.framework in Frameworks */,
				141EF8DF1E869E8F003B78B1 /* FirebaseCrash.framework in Frameworks */,
				141EF8DE1E869E8F003B78B1 /* GTMSessionFetcher.framework in Frameworks */,
				141EF8EC1E869E8F003B78B1 /* GoogleAPIClientForREST.framework in Frameworks */,
				141EF8D81E869E8F003B78B1 /* FirebaseInstanceID.framework in Frameworks */,
				141EF8DC1E869E8F003B78B1 /* FirebaseAppIndexing.framework in Frameworks */,
				141EF8EE1E869E8F003B78B1 /* GoogleSignIn.framework in Frameworks */,
				141EF8DD1E869E8F003B78B1 /* FirebaseAuth.framework in Frameworks */,
				141EF8D71E869E8F003B78B1 /* FirebaseCore.framework in Frameworks */,
				141EF8F71E869E8F003B78B1 /* GTMSessionFetcher.framework in Frameworks */,
				141EF8E91E869E8F003B78B1 /* FirebaseInvites.framework in Frameworks */,
				141EF8F21E869E8F003B78B1 /* FirebaseMessaging.framework in Frameworks */,
				141EF8EB1E869E8F003B78B1 /* GTMSessionFetcher.framework in Frameworks */,
				141EF8D51E869E8F003B78B1 /* GoogleMobileAds.framework in Frameworks */,
				141EF8ED1E869E8F003B78B1 /* GoogleAppUtilities.framework in Frameworks */,
				141EF8F51E869E8F003B78B1 /* FirebaseRemoteConfig.framework in Frameworks */,
				14089A131E854AB700E329F8 /* Contacts.framework in Frameworks */,
				141EF8F61E869E8F003B78B1 /* FirebaseStorage.framework in Frameworks */,
				14089A141E854AB700E329F8 /* ContactsUI.framework in Frameworks */,
			);
			runOnlyForDeploymentPostprocessing = 0;
		};
		140899BA1E8549EF00E329F8 /* Frameworks */ = {
			isa = PBXFrameworksBuildPhase;
			buildActionMask = 2147483647;
			files = (
			);
			runOnlyForDeploymentPostprocessing = 0;
		};
		140899C51E8549EF00E329F8 /* Frameworks */ = {
			isa = PBXFrameworksBuildPhase;
			buildActionMask = 2147483647;
			files = (
			);
			runOnlyForDeploymentPostprocessing = 0;
		};
/* End PBXFrameworksBuildPhase section */

/* Begin PBXGroup section */
		1408999B1E8549EF00E329F8 = {
			isa = PBXGroup;
			children = (
				140899A61E8549EF00E329F8 /* Address */,
				140899C01E8549EF00E329F8 /* AddressTests */,
				140899CB1E8549EF00E329F8 /* AddressUITests */,
				140899A51E8549EF00E329F8 /* Products */,
				1461810A1EA509D8005EDC88 /* Frameworks */,
			);
			sourceTree = "<group>";
		};
		140899A51E8549EF00E329F8 /* Products */ = {
			isa = PBXGroup;
			children = (
				140899A41E8549EF00E329F8 /* Address.app */,
				140899BD1E8549EF00E329F8 /* AddressTests.xctest */,
				140899C81E8549EF00E329F8 /* AddressUITests.xctest */,
			);
			name = Products;
			sourceTree = "<group>";
		};
		140899A61E8549EF00E329F8 /* Address */ = {
			isa = PBXGroup;
			children = (
				141EF8A21E869E8E003B78B1 /* Frameworks */,
				140899DA1E854A3100E329F8 /* class */,
				140899B31E8549EF00E329F8 /* Asset.xcassets */,
				140899B51E8549EF00E329F8 /* LaunchScreen.storyboard */,
				140899B81E8549EF00E329F8 /* Info.plist */,
				140899A71E8549EF00E329F8 /* Supporting Files */,
			);
			path = Address;
			sourceTree = "<group>";
		};
		140899A71E8549EF00E329F8 /* Supporting Files */ = {
			isa = PBXGroup;
			children = (
				141EF9071E86A44E003B78B1 /* GoogleService-Info.plist */,
				14089A091E854A3800E329F8 /* Address-Prefix.pch */,
				140899A81E8549EF00E329F8 /* main.m */,
			);
			name = "Supporting Files";
			sourceTree = "<group>";
		};
		140899C01E8549EF00E329F8 /* AddressTests */ = {
			isa = PBXGroup;
			children = (
				140899C11E8549EF00E329F8 /* AddressTests.m */,
				140899C31E8549EF00E329F8 /* Info.plist */,
			);
			path = AddressTests;
			sourceTree = "<group>";
		};
		140899CB1E8549EF00E329F8 /* AddressUITests */ = {
			isa = PBXGroup;
			children = (
				140899CC1E8549EF00E329F8 /* AddressUITests.m */,
				140899CE1E8549EF00E329F8 /* Info.plist */,
			);
			path = AddressUITests;
			sourceTree = "<group>";
		};
		140899DA1E854A3100E329F8 /* class */ = {
			isa = PBXGroup;
			children = (
				140899DB1E854A3100E329F8 /* AppDelegate.h */,
				140899DC1E854A3100E329F8 /* AppDelegate.m */,
				143EBBB01E862CA700E3AA69 /* model */,
				140899DD1E854A3100E329F8 /* common */,
				140899E71E854A3100E329F8 /* manager */,
				140899F01E854A3100E329F8 /* view */,
			);
			path = class;
			sourceTree = "<group>";
		};
		140899DD1E854A3100E329F8 /* common */ = {
			isa = PBXGroup;
			children = (
				1409FB5D1E87625300CC957D /* Constants.h */,
				1409FB5E1E87625300CC957D /* JsonObject.h */,
				1409FB5F1E87625300CC957D /* JsonObject.m */,
				14FD590B1E8614E200233DDF /* NSStrUtils.h */,
				14FD590C1E8614E200233DDF /* NSStrUtils.m */,
				140899DE1E854A3100E329F8 /* Util.h */,
				140899DF1E854A3100E329F8 /* Util.m */,
				140899E01E854A3100E329F8 /* category */,
			);
			path = common;
			sourceTree = "<group>";
		};
		140899E01E854A3100E329F8 /* category */ = {
			isa = PBXGroup;
			children = (
				140899E11E854A3100E329F8 /* UIImage+Common.h */,
				140899E21E854A3100E329F8 /* UIImage+Common.m */,
				140899E31E854A3100E329F8 /* UILabel+Common.h */,
				140899E41E854A3100E329F8 /* UILabel+Common.m */,
				140899E51E854A3100E329F8 /* UIView+Common.h */,
				140899E61E854A3100E329F8 /* UIView+Common.m */,
			);
			path = category;
			sourceTree = "<group>";
		};
		140899E71E854A3100E329F8 /* manager */ = {
			isa = PBXGroup;
			children = (
				143EBBB41E863FAB00E3AA69 /* autoSearch */,
				141EF8FF1E869FDE003B78B1 /* FCMManager.h */,
				141EF9001E869FDE003B78B1 /* FCMManager.m */,
				140899E81E854A3100E329F8 /* ContactManager.h */,
				140899E91E854A3100E329F8 /* ContactManager.m */,
				140899EC1E854A3100E329F8 /* GUIManager.h */,
				140899ED1E854A3100E329F8 /* GUIManager.m */,
				140899EE1E854A3100E329F8 /* PreferenceManager.h */,
				140899EF1E854A3100E329F8 /* PreferenceManager.m */,
				141EF9021E86A1B6003B78B1 /* StorageManager.h */,
				141EF9031E86A1B6003B78B1 /* StorageManager.m */,
			);
			path = manager;
			sourceTree = "<group>";
		};
		140899F01E854A3100E329F8 /* view */ = {
			isa = PBXGroup;
			children = (
				141EF8461E869B3B003B78B1 /* preach */,
				141EF8351E86992E003B78B1 /* contacts */,
				141EF83C1E86992E003B78B1 /* notice */,
				140899F71E854A3100E329F8 /* MainViewController.h */,
				140899F81E854A3100E329F8 /* MainViewController.m */,
				140899F91E854A3100E329F8 /* MainViewController.xib */,
				14FD59081E86114700233DDF /* BaseViewController.h */,
				14FD59091E86114700233DDF /* BaseViewController.m */,
				1409FB611E877DC400CC957D /* LoginViewController.h */,
				1409FB621E877DC400CC957D /* LoginViewController.m */,
				1409FB631E877DC400CC957D /* LoginViewController.xib */,
				14D887351E97CAE60046636E /* SettingViewController.h */,
				14D887361E97CAE60046636E /* SettingViewController.m */,
			);
			path = view;
			sourceTree = "<group>";
		};
		141EF8351E86992E003B78B1 /* contacts */ = {
			isa = PBXGroup;
			children = (
				141EF8361E86992E003B78B1 /* ContactsTableViewCell.h */,
				141EF8371E86992E003B78B1 /* ContactsTableViewCell.m */,
				141EF8381E86992E003B78B1 /* ContactsTableViewCell.xib */,
				141EF8391E86992E003B78B1 /* ContactsViewController.h */,
				141EF83A1E86992E003B78B1 /* ContactsViewController.m */,
				141EF83B1E86992E003B78B1 /* ContactsViewController.xib */,
				14D94CFB1E98AF4100C9E298 /* ContactsDetailViewController.h */,
				14D94CFC1E98AF4100C9E298 /* ContactsDetailViewController.m */,
				14D94CFD1E98AF4100C9E298 /* ContactsDetailViewController.xib */,
				14155CCF1E9A1B1A008C0E99 /* MemoPopupViewController.h */,
				14155CD01E9A1B1A008C0E99 /* MemoPopupViewController.m */,
				14155CD11E9A1B1A008C0E99 /* MemoPopupViewController.xib */,
				142365EE1E9A4C7700567E23 /* MemoTableViewCell.h */,
				142365EF1E9A4C7700567E23 /* MemoTableViewCell.m */,
				142365F01E9A4C7700567E23 /* MemoTableViewCell.xib */,
				1412F8891EA0F11200BBB491 /* SyncPopupViewController.h */,
				1412F88A1EA0F11200BBB491 /* SyncPopupViewController.m */,
				1412F88B1EA0F11200BBB491 /* SyncPopupViewController.xib */,
				1412F8921EA0F94500BBB491 /* SyncTableViewCell.h */,
				1412F8931EA0F94500BBB491 /* SyncTableViewCell.m */,
				1412F8941EA0F94500BBB491 /* SyncTableViewCell.xib */,
			);
			path = contacts;
			sourceTree = "<group>";
		};
		141EF83C1E86992E003B78B1 /* notice */ = {
			isa = PBXGroup;
			children = (
				141EF8411E869947003B78B1 /* NoticeViewController.h */,
				141EF8421E869947003B78B1 /* NoticeViewController.m */,
				141EF8431E869947003B78B1 /* NoticeViewController.xib */,
				140E224A1EA63490007B2F61 /* NoticeTableViewCell.h */,
				140E224B1EA63490007B2F61 /* NoticeTableViewCell.m */,
				140E224C1EA63490007B2F61 /* NoticeTableViewCell.xib */,
				140E224F1EA634AE007B2F61 /* NoticeDetailViewController.h */,
				140E22501EA634AE007B2F61 /* NoticeDetailViewController.m */,
				140E22511EA634AE007B2F61 /* NoticeDetailViewController.xib */,
			);
			path = notice;
			sourceTree = "<group>";
		};
		141EF8461E869B3B003B78B1 /* preach */ = {
			isa = PBXGroup;
			children = (
				141EF8471E869B4C003B78B1 /* PreachViewController.h */,
				141EF8481E869B4C003B78B1 /* PreachViewController.m */,
				141EF8491E869B4C003B78B1 /* PreachViewController.xib */,
			);
			path = preach;
			sourceTree = "<group>";
		};
		141EF8A21E869E8E003B78B1 /* Frameworks */ = {
			isa = PBXGroup;
			children = (
				14089A111E854AB700E329F8 /* Contacts.framework */,
				14089A121E854AB700E329F8 /* ContactsUI.framework */,
				141EF8A31E869E8E003B78B1 /* Firebase */,
			);
			path = Frameworks;
			sourceTree = "<group>";
		};
		141EF8A31E869E8E003B78B1 /* Firebase */ = {
			isa = PBXGroup;
			children = (
				141EF8A41E869E8E003B78B1 /* AdMob */,
				141EF8A61E869E8E003B78B1 /* Analytics */,
				141EF8AD1E869E8E003B78B1 /* AppIndexing */,
				141EF8AF1E869E8E003B78B1 /* Auth */,
				141EF8B21E869E8E003B78B1 /* Crash */,
				141EF8BA1E869E8E003B78B1 /* Database */,
				141EF8BC1E869E8E003B78B1 /* DynamicLinks */,
				141EF8BE1E869E8F003B78B1 /* Firebase.h */,
				141EF8BF1E869E8F003B78B1 /* Invites */,
				141EF8CB1E869E8F003B78B1 /* Messaging */,
				141EF8CD1E869E8F003B78B1 /* NOTICES */,
				141EF8CE1E869E8F003B78B1 /* README.md */,
				141EF8CF1E869E8F003B78B1 /* RemoteConfig */,
				141EF8D11E869E8F003B78B1 /* Storage */,
				141EF8D41E869E8F003B78B1 /* module.modulemap */,
			);
			path = Firebase;
			sourceTree = "<group>";
		};
		141EF8A41E869E8E003B78B1 /* AdMob */ = {
			isa = PBXGroup;
			children = (
				141EF8A51E869E8E003B78B1 /* GoogleMobileAds.framework */,
			);
			path = AdMob;
			sourceTree = "<group>";
		};
		141EF8A61E869E8E003B78B1 /* Analytics */ = {
			isa = PBXGroup;
			children = (
				141EF8A71E869E8E003B78B1 /* FirebaseAnalytics.framework */,
				141EF8A81E869E8E003B78B1 /* FirebaseCore.framework */,
				141EF8A91E869E8E003B78B1 /* FirebaseInstanceID.framework */,
				141EF8AA1E869E8E003B78B1 /* GoogleInterchangeUtilities.framework */,
				141EF8AB1E869E8E003B78B1 /* GoogleSymbolUtilities.framework */,
				141EF8AC1E869E8E003B78B1 /* GoogleToolboxForMac.framework */,
			);
			path = Analytics;
			sourceTree = "<group>";
		};
		141EF8AD1E869E8E003B78B1 /* AppIndexing */ = {
			isa = PBXGroup;
			children = (
				141EF8AE1E869E8E003B78B1 /* FirebaseAppIndexing.framework */,
			);
			path = AppIndexing;
			sourceTree = "<group>";
		};
		141EF8AF1E869E8E003B78B1 /* Auth */ = {
			isa = PBXGroup;
			children = (
				141EF8B01E869E8E003B78B1 /* FirebaseAuth.framework */,
				141EF8B11E869E8E003B78B1 /* GTMSessionFetcher.framework */,
			);
			path = Auth;
			sourceTree = "<group>";
		};
		141EF8B21E869E8E003B78B1 /* Crash */ = {
			isa = PBXGroup;
			children = (
				141EF8B31E869E8E003B78B1 /* FirebaseCrash.framework */,
				141EF8B41E869E8E003B78B1 /* batch-upload */,
				141EF8B51E869E8E003B78B1 /* dump_syms */,
				141EF8B61E869E8E003B78B1 /* extract-keys */,
				141EF8B71E869E8E003B78B1 /* upload-sym */,
				141EF8B81E869E8E003B78B1 /* upload-sym-util.bash */,
				141EF8B91E869E8E003B78B1 /* upload-sym.sh */,
			);
			path = Crash;
			sourceTree = "<group>";
		};
		141EF8BA1E869E8E003B78B1 /* Database */ = {
			isa = PBXGroup;
			children = (
				141EF8BB1E869E8E003B78B1 /* FirebaseDatabase.framework */,
			);
			path = Database;
			sourceTree = "<group>";
		};
		141EF8BC1E869E8E003B78B1 /* DynamicLinks */ = {
			isa = PBXGroup;
			children = (
				141EF8BD1E869E8E003B78B1 /* FirebaseDynamicLinks.framework */,
			);
			path = DynamicLinks;
			sourceTree = "<group>";
		};
		141EF8BF1E869E8F003B78B1 /* Invites */ = {
			isa = PBXGroup;
			children = (
				141EF8C01E869E8F003B78B1 /* FirebaseDynamicLinks.framework */,
				141EF8C11E869E8F003B78B1 /* FirebaseInvites.framework */,
				141EF8C21E869E8F003B78B1 /* GTMOAuth2.framework */,
				141EF8C31E869E8F003B78B1 /* GTMSessionFetcher.framework */,
				141EF8C41E869E8F003B78B1 /* GoogleAPIClientForREST.framework */,
				141EF8C51E869E8F003B78B1 /* GoogleAppUtilities.framework */,
				141EF8C61E869E8F003B78B1 /* GoogleSignIn.framework */,
				141EF8C71E869E8F003B78B1 /* Resources */,
			);
			path = Invites;
			sourceTree = "<group>";
		};
		141EF8C71E869E8F003B78B1 /* Resources */ = {
			isa = PBXGroup;
			children = (
				141EF8C81E869E8F003B78B1 /* GINInviteResources.bundle */,
				141EF8C91E869E8F003B78B1 /* GPPACLPickerResources.bundle */,
				141EF8CA1E869E8F003B78B1 /* GoogleSignIn.bundle */,
			);
			path = Resources;
			sourceTree = "<group>";
		};
		141EF8CB1E869E8F003B78B1 /* Messaging */ = {
			isa = PBXGroup;
			children = (
				141EF8CC1E869E8F003B78B1 /* FirebaseMessaging.framework */,
			);
			path = Messaging;
			sourceTree = "<group>";
		};
		141EF8CF1E869E8F003B78B1 /* RemoteConfig */ = {
			isa = PBXGroup;
			children = (
				141EF8D01E869E8F003B78B1 /* FirebaseRemoteConfig.framework */,
			);
			path = RemoteConfig;
			sourceTree = "<group>";
		};
		141EF8D11E869E8F003B78B1 /* Storage */ = {
			isa = PBXGroup;
			children = (
				141EF8D21E869E8F003B78B1 /* FirebaseStorage.framework */,
				141EF8D31E869E8F003B78B1 /* GTMSessionFetcher.framework */,
			);
			path = Storage;
			sourceTree = "<group>";
		};
		143EBBB01E862CA700E3AA69 /* model */ = {
			isa = PBXGroup;
			children = (
				143EBBB11E862CC000E3AA69 /* AddressObj.h */,
				143EBBB21E862CC000E3AA69 /* AddressObj.m */,
			);
			path = model;
			sourceTree = "<group>";
		};
		143EBBB41E863FAB00E3AA69 /* autoSearch */ = {
			isa = PBXGroup;
			children = (
				143EBBB71E863FAB00E3AA69 /* AutoCompleteMng.h */,
				143EBBB81E863FAB00E3AA69 /* AutoCompleteMng.m */,
			);
			path = autoSearch;
			sourceTree = "<group>";
		};
		1461810A1EA509D8005EDC88 /* Frameworks */ = {
			isa = PBXGroup;
			children = (
				1461810B1EA509D8005EDC88 /* MessageUI.framework */,
			);
			name = Frameworks;
			sourceTree = "<group>";
		};
/* End PBXGroup section */

/* Begin PBXNativeTarget section */
		140899A31E8549EF00E329F8 /* Address */ = {
			isa = PBXNativeTarget;
			buildConfigurationList = 140899D11E8549EF00E329F8 /* Build configuration list for PBXNativeTarget "Address" */;
			buildPhases = (
				140899A01E8549EF00E329F8 /* Sources */,
				140899A11E8549EF00E329F8 /* Frameworks */,
				140899A21E8549EF00E329F8 /* Resources */,
			);
			buildRules = (
			);
			dependencies = (
			);
			name = Address;
			productName = Address;
			productReference = 140899A41E8549EF00E329F8 /* Address.app */;
			productType = "com.apple.product-type.application";
		};
		140899BC1E8549EF00E329F8 /* AddressTests */ = {
			isa = PBXNativeTarget;
			buildConfigurationList = 140899D41E8549EF00E329F8 /* Build configuration list for PBXNativeTarget "AddressTests" */;
			buildPhases = (
				140899B91E8549EF00E329F8 /* Sources */,
				140899BA1E8549EF00E329F8 /* Frameworks */,
				140899BB1E8549EF00E329F8 /* Resources */,
			);
			buildRules = (
			);
			dependencies = (
				140899BF1E8549EF00E329F8 /* PBXTargetDependency */,
			);
			name = AddressTests;
			productName = AddressTests;
			productReference = 140899BD1E8549EF00E329F8 /* AddressTests.xctest */;
			productType = "com.apple.product-type.bundle.unit-test";
		};
		140899C71E8549EF00E329F8 /* AddressUITests */ = {
			isa = PBXNativeTarget;
			buildConfigurationList = 140899D71E8549EF00E329F8 /* Build configuration list for PBXNativeTarget "AddressUITests" */;
			buildPhases = (
				140899C41E8549EF00E329F8 /* Sources */,
				140899C51E8549EF00E329F8 /* Frameworks */,
				140899C61E8549EF00E329F8 /* Resources */,
			);
			buildRules = (
			);
			dependencies = (
				140899CA1E8549EF00E329F8 /* PBXTargetDependency */,
			);
			name = AddressUITests;
			productName = AddressUITests;
			productReference = 140899C81E8549EF00E329F8 /* AddressUITests.xctest */;
			productType = "com.apple.product-type.bundle.ui-testing";
		};
/* End PBXNativeTarget section */

/* Begin PBXProject section */
		1408999C1E8549EF00E329F8 /* Project object */ = {
			isa = PBXProject;
			attributes = {
				LastUpgradeCheck = 0820;
				ORGANIZATIONNAME = LeeSungJu;
				TargetAttributes = {
					140899A31E8549EF00E329F8 = {
						CreatedOnToolsVersion = 8.2.1;
						DevelopmentTeam = 9LGNSY89WE;
						ProvisioningStyle = Automatic;
					};
					140899BC1E8549EF00E329F8 = {
						CreatedOnToolsVersion = 8.2.1;
						ProvisioningStyle = Automatic;
						TestTargetID = 140899A31E8549EF00E329F8;
					};
					140899C71E8549EF00E329F8 = {
						CreatedOnToolsVersion = 8.2.1;
						ProvisioningStyle = Automatic;
						TestTargetID = 140899A31E8549EF00E329F8;
					};
				};
			};
			buildConfigurationList = 1408999F1E8549EF00E329F8 /* Build configuration list for PBXProject "Address" */;
			compatibilityVersion = "Xcode 3.2";
			developmentRegion = English;
			hasScannedForEncodings = 0;
			knownRegions = (
				en,
				Base,
			);
			mainGroup = 1408999B1E8549EF00E329F8;
			productRefGroup = 140899A51E8549EF00E329F8 /* Products */;
			projectDirPath = "";
			projectRoot = "";
			targets = (
				140899A31E8549EF00E329F8 /* Address */,
				140899BC1E8549EF00E329F8 /* AddressTests */,
				140899C71E8549EF00E329F8 /* AddressUITests */,
			);
		};
/* End PBXProject section */

/* Begin PBXResourcesBuildPhase section */
		140899A21E8549EF00E329F8 /* Resources */ = {
			isa = PBXResourcesBuildPhase;
			buildActionMask = 2147483647;
			files = (
				14D94CFF1E98AF4100C9E298 /* ContactsDetailViewController.xib in Resources */,
				141EF8F11E869E8F003B78B1 /* GoogleSignIn.bundle in Resources */,
				141EF8E01E869E8F003B78B1 /* batch-upload in Resources */,
				140E22531EA634AE007B2F61 /* NoticeDetailViewController.xib in Resources */,
				141EF8EF1E869E8F003B78B1 /* GINInviteResources.bundle in Resources */,
				1409FB651E877DC400CC957D /* LoginViewController.xib in Resources */,
				141EF84B1E869B4C003B78B1 /* PreachViewController.xib in Resources */,
				141EF8E41E869E8F003B78B1 /* upload-sym-util.bash in Resources */,
				141EF8E31E869E8F003B78B1 /* upload-sym in Resources */,
				141EF8F01E869E8F003B78B1 /* GPPACLPickerResources.bundle in Resources */,
				141EF8F31E869E8F003B78B1 /* NOTICES in Resources */,
				141EF8E21E869E8F003B78B1 /* extract-keys in Resources */,
				14155CD31E9A1B1A008C0E99 /* MemoPopupViewController.xib in Resources */,
				140E224E1EA63490007B2F61 /* NoticeTableViewCell.xib in Resources */,
				141EF8451E869947003B78B1 /* NoticeViewController.xib in Resources */,
				142365F21E9A4C7700567E23 /* MemoTableViewCell.xib in Resources */,
				1412F8961EA0F94500BBB491 /* SyncTableViewCell.xib in Resources */,
				141EF83E1E86992E003B78B1 /* ContactsTableViewCell.xib in Resources */,
				1412F88D1EA0F11200BBB491 /* SyncPopupViewController.xib in Resources */,
				141EF9081E86A44E003B78B1 /* GoogleService-Info.plist in Resources */,
				140899B71E8549EF00E329F8 /* LaunchScreen.storyboard in Resources */,
				14089A081E854A3100E329F8 /* MainViewController.xib in Resources */,
				141EF8E51E869E8F003B78B1 /* upload-sym.sh in Resources */,
				140899B41E8549EF00E329F8 /* Asset.xcassets in Resources */,
				141EF8E11E869E8F003B78B1 /* dump_syms in Resources */,
				141EF8401E86992E003B78B1 /* ContactsViewController.xib in Resources */,
			);
			runOnlyForDeploymentPostprocessing = 0;
		};
		140899BB1E8549EF00E329F8 /* Resources */ = {
			isa = PBXResourcesBuildPhase;
			buildActionMask = 2147483647;
			files = (
			);
			runOnlyForDeploymentPostprocessing = 0;
		};
		140899C61E8549EF00E329F8 /* Resources */ = {
			isa = PBXResourcesBuildPhase;
			buildActionMask = 2147483647;
			files = (
			);
			runOnlyForDeploymentPostprocessing = 0;
		};
/* End PBXResourcesBuildPhase section */

/* Begin PBXSourcesBuildPhase section */
		140899A01E8549EF00E329F8 /* Sources */ = {
			isa = PBXSourcesBuildPhase;
			buildActionMask = 2147483647;
			files = (
				14D94CFE1E98AF4100C9E298 /* ContactsDetailViewController.m in Sources */,
				14089A021E854A3100E329F8 /* PreferenceManager.m in Sources */,
				1409FB641E877DC400CC957D /* LoginViewController.m in Sources */,
				140E22521EA634AE007B2F61 /* NoticeDetailViewController.m in Sources */,
				140E224D1EA63490007B2F61 /* NoticeTableViewCell.m in Sources */,
				141EF84A1E869B4C003B78B1 /* PreachViewController.m in Sources */,
				141EF8F41E869E8F003B78B1 /* README.md in Sources */,
				143EBBBA1E863FAB00E3AA69 /* AutoCompleteMng.m in Sources */,
				141EF9011E869FDE003B78B1 /* FCMManager.m in Sources */,
				142365F11E9A4C7700567E23 /* MemoTableViewCell.m in Sources */,
				1412F8951EA0F94500BBB491 /* SyncTableViewCell.m in Sources */,
				140899FC1E854A3100E329F8 /* UIImage+Common.m in Sources */,
				14089A071E854A3100E329F8 /* MainViewController.m in Sources */,
				141EF83D1E86992E003B78B1 /* ContactsTableViewCell.m in Sources */,
				14FD590A1E86114700233DDF /* BaseViewController.m in Sources */,
				1412F88C1EA0F11200BBB491 /* SyncPopupViewController.m in Sources */,
				140899FE1E854A3100E329F8 /* UIView+Common.m in Sources */,
				140899FF1E854A3100E329F8 /* ContactManager.m in Sources */,
				143EBBB31E862CC000E3AA69 /* AddressObj.m in Sources */,
				141EF9041E86A1B6003B78B1 /* StorageManager.m in Sources */,
				140899FA1E854A3100E329F8 /* AppDelegate.m in Sources */,
				141EF8441E869947003B78B1 /* NoticeViewController.m in Sources */,
				14FD590D1E8614E200233DDF /* NSStrUtils.m in Sources */,
				1409FB601E87625300CC957D /* JsonObject.m in Sources */,
				14155CD21E9A1B1A008C0E99 /* MemoPopupViewController.m in Sources */,
				140899A91E8549EF00E329F8 /* main.m in Sources */,
				141EF83F1E86992E003B78B1 /* ContactsViewController.m in Sources */,
				140899FD1E854A3100E329F8 /* UILabel+Common.m in Sources */,
				140899FB1E854A3100E329F8 /* Util.m in Sources */,
				14089A011E854A3100E329F8 /* GUIManager.m in Sources */,
				14D887371E97CAE60046636E /* SettingViewController.m in Sources */,
			);
			runOnlyForDeploymentPostprocessing = 0;
		};
		140899B91E8549EF00E329F8 /* Sources */ = {
			isa = PBXSourcesBuildPhase;
			buildActionMask = 2147483647;
			files = (
				140899C21E8549EF00E329F8 /* AddressTests.m in Sources */,
			);
			runOnlyForDeploymentPostprocessing = 0;
		};
		140899C41E8549EF00E329F8 /* Sources */ = {
			isa = PBXSourcesBuildPhase;
			buildActionMask = 2147483647;
			files = (
				140899CD1E8549EF00E329F8 /* AddressUITests.m in Sources */,
			);
			runOnlyForDeploymentPostprocessing = 0;
		};
/* End PBXSourcesBuildPhase section */

/* Begin PBXTargetDependency section */
		140899BF1E8549EF00E329F8 /* PBXTargetDependency */ = {
			isa = PBXTargetDependency;
			target = 140899A31E8549EF00E329F8 /* Address */;
			targetProxy = 140899BE1E8549EF00E329F8 /* PBXContainerItemProxy */;
		};
		140899CA1E8549EF00E329F8 /* PBXTargetDependency */ = {
			isa = PBXTargetDependency;
			target = 140899A31E8549EF00E329F8 /* Address */;
			targetProxy = 140899C91E8549EF00E329F8 /* PBXContainerItemProxy */;
		};
/* End PBXTargetDependency section */

/* Begin PBXVariantGroup section */
		140899B51E8549EF00E329F8 /* LaunchScreen.storyboard */ = {
			isa = PBXVariantGroup;
			children = (
				140899B61E8549EF00E329F8 /* Base */,
			);
			name = LaunchScreen.storyboard;
			sourceTree = "<group>";
		};
/* End PBXVariantGroup section */

/* Begin XCBuildConfiguration section */
		140899CF1E8549EF00E329F8 /* Debug */ = {
			isa = XCBuildConfiguration;
			buildSettings = {
				ALWAYS_SEARCH_USER_PATHS = NO;
				CLANG_ANALYZER_NONNULL = YES;
				CLANG_CXX_LANGUAGE_STANDARD = "gnu++0x";
				CLANG_CXX_LIBRARY = "libc++";
				CLANG_ENABLE_MODULES = YES;
				CLANG_ENABLE_OBJC_ARC = YES;
				CLANG_WARN_BOOL_CONVERSION = YES;
				CLANG_WARN_CONSTANT_CONVERSION = YES;
				CLANG_WARN_DIRECT_OBJC_ISA_USAGE = YES_ERROR;
				CLANG_WARN_DOCUMENTATION_COMMENTS = YES;
				CLANG_WARN_EMPTY_BODY = YES;
				CLANG_WARN_ENUM_CONVERSION = YES;
				CLANG_WARN_INFINITE_RECURSION = YES;
				CLANG_WARN_INT_CONVERSION = YES;
				CLANG_WARN_OBJC_ROOT_CLASS = YES_ERROR;
				CLANG_WARN_SUSPICIOUS_MOVE = YES;
				CLANG_WARN_UNREACHABLE_CODE = YES;
				CLANG_WARN__DUPLICATE_METHOD_MATCH = YES;
				"CODE_SIGN_IDENTITY[sdk=iphoneos*]" = "iPhone Developer";
				COPY_PHASE_STRIP = NO;
				DEBUG_INFORMATION_FORMAT = dwarf;
				ENABLE_STRICT_OBJC_MSGSEND = YES;
				ENABLE_TESTABILITY = YES;
				GCC_C_LANGUAGE_STANDARD = gnu99;
				GCC_DYNAMIC_NO_PIC = NO;
				GCC_NO_COMMON_BLOCKS = YES;
				GCC_OPTIMIZATION_LEVEL = 0;
				GCC_PREPROCESSOR_DEFINITIONS = (
					"DEBUG=1",
					"$(inherited)",
				);
				GCC_WARN_64_TO_32_BIT_CONVERSION = YES;
				GCC_WARN_ABOUT_RETURN_TYPE = YES_ERROR;
				GCC_WARN_UNDECLARED_SELECTOR = YES;
				GCC_WARN_UNINITIALIZED_AUTOS = YES_AGGRESSIVE;
				GCC_WARN_UNUSED_FUNCTION = YES;
				GCC_WARN_UNUSED_VARIABLE = YES;
				IPHONEOS_DEPLOYMENT_TARGET = 10.2;
				MTL_ENABLE_DEBUG_INFO = YES;
				ONLY_ACTIVE_ARCH = YES;
				SDKROOT = iphoneos;
				TARGETED_DEVICE_FAMILY = "1,2";
			};
			name = Debug;
		};
		140899D01E8549EF00E329F8 /* Release */ = {
			isa = XCBuildConfiguration;
			buildSettings = {
				ALWAYS_SEARCH_USER_PATHS = NO;
				CLANG_ANALYZER_NONNULL = YES;
				CLANG_CXX_LANGUAGE_STANDARD = "gnu++0x";
				CLANG_CXX_LIBRARY = "libc++";
				CLANG_ENABLE_MODULES = YES;
				CLANG_ENABLE_OBJC_ARC = YES;
				CLANG_WARN_BOOL_CONVERSION = YES;
				CLANG_WARN_CONSTANT_CONVERSION = YES;
				CLANG_WARN_DIRECT_OBJC_ISA_USAGE = YES_ERROR;
				CLANG_WARN_DOCUMENTATION_COMMENTS = YES;
				CLANG_WARN_EMPTY_BODY = YES;
				CLANG_WARN_ENUM_CONVERSION = YES;
				CLANG_WARN_INFINITE_RECURSION = YES;
				CLANG_WARN_INT_CONVERSION = YES;
				CLANG_WARN_OBJC_ROOT_CLASS = YES_ERROR;
				CLANG_WARN_SUSPICIOUS_MOVE = YES;
				CLANG_WARN_UNREACHABLE_CODE = YES;
				CLANG_WARN__DUPLICATE_METHOD_MATCH = YES;
				"CODE_SIGN_IDENTITY[sdk=iphoneos*]" = "iPhone Developer";
				COPY_PHASE_STRIP = NO;
				DEBUG_INFORMATION_FORMAT = "dwarf-with-dsym";
				ENABLE_NS_ASSERTIONS = NO;
				ENABLE_STRICT_OBJC_MSGSEND = YES;
				GCC_C_LANGUAGE_STANDARD = gnu99;
				GCC_NO_COMMON_BLOCKS = YES;
				GCC_WARN_64_TO_32_BIT_CONVERSION = YES;
				GCC_WARN_ABOUT_RETURN_TYPE = YES_ERROR;
				GCC_WARN_UNDECLARED_SELECTOR = YES;
				GCC_WARN_UNINITIALIZED_AUTOS = YES_AGGRESSIVE;
				GCC_WARN_UNUSED_FUNCTION = YES;
				GCC_WARN_UNUSED_VARIABLE = YES;
				IPHONEOS_DEPLOYMENT_TARGET = 10.2;
				MTL_ENABLE_DEBUG_INFO = NO;
				SDKROOT = iphoneos;
				TARGETED_DEVICE_FAMILY = "1,2";
				VALIDATE_PRODUCT = YES;
			};
			name = Release;
		};
		140899D21E8549EF00E329F8 /* Debug */ = {
			isa = XCBuildConfiguration;
			buildSettings = {
				ASSETCATALOG_COMPILER_APPICON_NAME = AppIcon;
				DEVELOPMENT_TEAM = 9LGNSY89WE;
				FRAMEWORK_SEARCH_PATHS = (
					"$(inherited)",
					"$(PROJECT_DIR)/Address/frameworks/dropbox-ios-sync-sdk-3.1.2",
					"$(PROJECT_DIR)/Address/frameworks",
					"$(PROJECT_DIR)/Address/FrameWorks/Firebase/AdMob",
					"$(PROJECT_DIR)/Address/FrameWorks/Firebase/Analytics",
					"$(PROJECT_DIR)/Address/FrameWorks/Firebase/AppIndexing",
					"$(PROJECT_DIR)/Address/FrameWorks/Firebase/Auth",
					"$(PROJECT_DIR)/Address/FrameWorks/Firebase/Crash",
					"$(PROJECT_DIR)/Address/FrameWorks/Firebase/Database",
					"$(PROJECT_DIR)/Address/FrameWorks/Firebase/DynamicLinks",
					"$(PROJECT_DIR)/Address/FrameWorks/Firebase/Invites",
					"$(PROJECT_DIR)/Address/FrameWorks/Firebase/Messaging",
					"$(PROJECT_DIR)/Address/FrameWorks/Firebase/RemoteConfig",
					"$(PROJECT_DIR)/Address/FrameWorks/Firebase/Storage",
					"$(PROJECT_DIR)/Address/Frameworks/Firebase/AdMob",
					"$(PROJECT_DIR)/Address/Frameworks/Firebase/Analytics",
					"$(PROJECT_DIR)/Address/Frameworks/Firebase/AppIndexing",
					"$(PROJECT_DIR)/Address/Frameworks/Firebase/Auth",
					"$(PROJECT_DIR)/Address/Frameworks/Firebase/Crash",
					"$(PROJECT_DIR)/Address/Frameworks/Firebase/Database",
					"$(PROJECT_DIR)/Address/Frameworks/Firebase/DynamicLinks",
					"$(PROJECT_DIR)/Address/Frameworks/Firebase/Invites",
					"$(PROJECT_DIR)/Address/Frameworks/Firebase/Messaging",
					"$(PROJECT_DIR)/Address/Frameworks/Firebase/RemoteConfig",
					"$(PROJECT_DIR)/Address/Frameworks/Firebase/Storage",
				);
				GCC_PREFIX_HEADER = "Address/Address-Prefix.pch";
				INFOPLIST_FILE = Address/Info.plist;
				LD_RUNPATH_SEARCH_PATHS = "$(inherited) @executable_path/Frameworks";
				LIBRARY_SEARCH_PATHS = (
					"$(inherited)",
					"/usr/local/mysql-connector-c-6.1.9-macos10.12-x86_64/lib",
				);
				OTHER_LDFLAGS = "-ObjC";
				PRODUCT_BUNDLE_IDENTIFIER = com.t5online.demo.Address.Address;
				PRODUCT_NAME = "$(TARGET_NAME)";
			};
			name = Debug;
		};
		140899D31E8549EF00E329F8 /* Release */ = {
			isa = XCBuildConfiguration;
			buildSettings = {
				ASSETCATALOG_COMPILER_APPICON_NAME = AppIcon;
				DEVELOPMENT_TEAM = 9LGNSY89WE;
				FRAMEWORK_SEARCH_PATHS = (
					"$(inherited)",
					"$(PROJECT_DIR)/Address/frameworks/dropbox-ios-sync-sdk-3.1.2",
					"$(PROJECT_DIR)/Address/frameworks",
					"$(PROJECT_DIR)/Address/FrameWorks/Firebase/AdMob",
					"$(PROJECT_DIR)/Address/FrameWorks/Firebase/Analytics",
					"$(PROJECT_DIR)/Address/FrameWorks/Firebase/AppIndexing",
					"$(PROJECT_DIR)/Address/FrameWorks/Firebase/Auth",
					"$(PROJECT_DIR)/Address/FrameWorks/Firebase/Crash",
					"$(PROJECT_DIR)/Address/FrameWorks/Firebase/Database",
					"$(PROJECT_DIR)/Address/FrameWorks/Firebase/DynamicLinks",
					"$(PROJECT_DIR)/Address/FrameWorks/Firebase/Invites",
					"$(PROJECT_DIR)/Address/FrameWorks/Firebase/Messaging",
					"$(PROJECT_DIR)/Address/FrameWorks/Firebase/RemoteConfig",
					"$(PROJECT_DIR)/Address/FrameWorks/Firebase/Storage",
					"$(PROJECT_DIR)/Address/Frameworks/Firebase/AdMob",
					"$(PROJECT_DIR)/Address/Frameworks/Firebase/Analytics",
					"$(PROJECT_DIR)/Address/Frameworks/Firebase/AppIndexing",
					"$(PROJECT_DIR)/Address/Frameworks/Firebase/Auth",
					"$(PROJECT_DIR)/Address/Frameworks/Firebase/Crash",
					"$(PROJECT_DIR)/Address/Frameworks/Firebase/Database",
					"$(PROJECT_DIR)/Address/Frameworks/Firebase/DynamicLinks",
					"$(PROJECT_DIR)/Address/Frameworks/Firebase/Invites",
					"$(PROJECT_DIR)/Address/Frameworks/Firebase/Messaging",
					"$(PROJECT_DIR)/Address/Frameworks/Firebase/RemoteConfig",
					"$(PROJECT_DIR)/Address/Frameworks/Firebase/Storage",
				);
				GCC_PREFIX_HEADER = "Address/Address-Prefix.pch";
				INFOPLIST_FILE = Address/Info.plist;
				LD_RUNPATH_SEARCH_PATHS = "$(inherited) @executable_path/Frameworks";
				LIBRARY_SEARCH_PATHS = (
					"$(inherited)",
					"/usr/local/mysql-connector-c-6.1.9-macos10.12-x86_64/lib",
				);
				OTHER_LDFLAGS = "-ObjC";
				PRODUCT_BUNDLE_IDENTIFIER = com.t5online.demo.Address.Address;
				PRODUCT_NAME = "$(TARGET_NAME)";
			};
			name = Release;
		};
		140899D51E8549EF00E329F8 /* Debug */ = {
			isa = XCBuildConfiguration;
			buildSettings = {
				BUNDLE_LOADER = "$(TEST_HOST)";
				INFOPLIST_FILE = AddressTests/Info.plist;
				LD_RUNPATH_SEARCH_PATHS = "$(inherited) @executable_path/Frameworks @loader_path/Frameworks";
				PRODUCT_BUNDLE_IDENTIFIER = com.t5online.demo.Address.AddressTests;
				PRODUCT_NAME = "$(TARGET_NAME)";
				TEST_HOST = "$(BUILT_PRODUCTS_DIR)/Address.app/Address";
			};
			name = Debug;
		};
		140899D61E8549EF00E329F8 /* Release */ = {
			isa = XCBuildConfiguration;
			buildSettings = {
				BUNDLE_LOADER = "$(TEST_HOST)";
				INFOPLIST_FILE = AddressTests/Info.plist;
				LD_RUNPATH_SEARCH_PATHS = "$(inherited) @executable_path/Frameworks @loader_path/Frameworks";
				PRODUCT_BUNDLE_IDENTIFIER = com.t5online.demo.Address.AddressTests;
				PRODUCT_NAME = "$(TARGET_NAME)";
				TEST_HOST = "$(BUILT_PRODUCTS_DIR)/Address.app/Address";
			};
			name = Release;
		};
		140899D81E8549EF00E329F8 /* Debug */ = {
			isa = XCBuildConfiguration;
			buildSettings = {
				INFOPLIST_FILE = AddressUITests/Info.plist;
				LD_RUNPATH_SEARCH_PATHS = "$(inherited) @executable_path/Frameworks @loader_path/Frameworks";
				PRODUCT_BUNDLE_IDENTIFIER = com.t5online.demo.Address.AddressUITests;
				PRODUCT_NAME = "$(TARGET_NAME)";
				TEST_TARGET_NAME = Address;
			};
			name = Debug;
		};
		140899D91E8549EF00E329F8 /* Release */ = {
			isa = XCBuildConfiguration;
			buildSettings = {
				INFOPLIST_FILE = AddressUITests/Info.plist;
				LD_RUNPATH_SEARCH_PATHS = "$(inherited) @executable_path/Frameworks @loader_path/Frameworks";
				PRODUCT_BUNDLE_IDENTIFIER = com.t5online.demo.Address.AddressUITests;
				PRODUCT_NAME = "$(TARGET_NAME)";
				TEST_TARGET_NAME = Address;
			};
			name = Release;
		};
/* End XCBuildConfiguration section */

/* Begin XCConfigurationList section */
		1408999F1E8549EF00E329F8 /* Build configuration list for PBXProject "Address" */ = {
			isa = XCConfigurationList;
			buildConfigurations = (
				140899CF1E8549EF00E329F8 /* Debug */,
				140899D01E8549EF00E329F8 /* Release */,
			);
			defaultConfigurationIsVisible = 0;
			defaultConfigurationName = Release;
		};
		140899D11E8549EF00E329F8 /* Build configuration list for PBXNativeTarget "Address" */ = {
			isa = XCConfigurationList;
			buildConfigurations = (
				140899D21E8549EF00E329F8 /* Debug */,
				140899D31E8549EF00E329F8 /* Release */,
			);
			defaultConfigurationIsVisible = 0;
			defaultConfigurationName = Release;
		};
		140899D41E8549EF00E329F8 /* Build configuration list for PBXNativeTarget "AddressTests" */ = {
			isa = XCConfigurationList;
			buildConfigurations = (
				140899D51E8549EF00E329F8 /* Debug */,
				140899D61E8549EF00E329F8 /* Release */,
			);
			defaultConfigurationIsVisible = 0;
			defaultConfigurationName = Release;
		};
		140899D71E8549EF00E329F8 /* Build configuration list for PBXNativeTarget "AddressUITests" */ = {
			isa = XCConfigurationList;
			buildConfigurations = (
				140899D81E8549EF00E329F8 /* Debug */,
				140899D91E8549EF00E329F8 /* Release */,
			);
			defaultConfigurationIsVisible = 0;
			defaultConfigurationName = Release;
		};
/* End XCConfigurationList section */
	};
	rootObject = 1408999C1E8549EF00E329F8 /* Project object */;
}
